github.com/gorcon/rcon v1.3.4 h1:TExNhWI2mJlqpCg49vajUgznvEZbEzQWKujY1Sy+/AY=
github.com/gorcon/rcon v1.3.4/go.mod h1:46+oSXgPwlRAkcAPStkNnIL1dlcxJweKVNWshy3hDJI=
github.com/gorilla/mux v1.8.0 h1:i40aqfkR1h2SlN9hojwV5ZA91wcXFOvkdNIeFDP5koI=
github.com/gorilla/mux v1.8.0/go.mod h1:DVbg23sWSpFRCP0SfiEN6jmj59UnW/n46BH5rLB71So=
